
Microsoft Visual Studio Solution File, Format Version 11.00
# Visual Studio 2010
Project("{FAE04EC0-301F-11D3-BF4B-00C04F79EFBC}") = "Assembly-CSharp", "Assembly-CSharp.csproj", "{f37a3a52-cde0-1538-d62c-0897026fa9d3}"
EndProject
Project("{FAE04EC0-301F-11D3-BF4B-00C04F79EFBC}") = "Assembly-CSharp-firstpass", "Assembly-CSharp-firstpass.csproj", "{6e94c336-cca6-743b-acea-21096d9f19ba}"
EndProject
Global
	GlobalSection(SolutionConfigurationPlatforms) = preSolution
		Debug|Any CPU = Debug|Any CPU
	EndGlobalSection
	GlobalSection(ProjectConfigurationPlatforms) = postSolution
		{f37a3a52-cde0-1538-d62c-0897026fa9d3}.Debug|Any CPU.ActiveCfg = Debug|Any CPU
		{f37a3a52-cde0-1538-d62c-0897026fa9d3}.Debug|Any CPU.Build.0 = Debug|Any CPU
		{6e94c336-cca6-743b-acea-21096d9f19ba}.Debug|Any CPU.ActiveCfg = Debug|Any CPU
		{6e94c336-cca6-743b-acea-21096d9f19ba}.Debug|Any CPU.Build.0 = Debug|Any CPU
	EndGlobalSection
	GlobalSection(SolutionProperties) = preSolution
		HideSolutionNode = FALSE
	EndGlobalSection
EndGlobal
